// !$*UTF8*$!
{
	archiveVersion = 1;
	classes = {
	};
	objectVersion = 51;
	objects = {

/* Begin PBXBuildFile section */
		260C9B47254971BF001617B8 /* ItemRowView.swift in Sources */ = {isa = PBXBuildFile; fileRef = 260C9B46254971BF001617B8 /* ItemRowView.swift */; };
		26E9A5392546D64D00BA667A /* AppDelegate.swift in Sources */ = {isa = PBXBuildFile; fileRef = 26E9A5382546D64D00BA667A /* AppDelegate.swift */; };
		26E9A53B2546D64D00BA667A /* SceneDelegate.swift in Sources */ = {isa = PBXBuildFile; fileRef = 26E9A53A2546D64D00BA667A /* SceneDelegate.swift */; };
		26E9A53D2546D64D00BA667A /* ContentView.swift in Sources */ = {isa = PBXBuildFile; fileRef = 26E9A53C2546D64D00BA667A /* ContentView.swift */; };
		26E9A53F2546D65000BA667A /* Assets.xcassets in Resources */ = {isa = PBXBuildFile; fileRef = 26E9A53E2546D65000BA667A /* Assets.xcassets */; };
		26E9A5422546D65100BA667A /* Preview Assets.xcassets in Resources */ = {isa = PBXBuildFile; fileRef = 26E9A5412546D65100BA667A /* Preview Assets.xcassets */; };
		26E9A5452546D65100BA667A /* LaunchScreen.storyboard in Resources */ = {isa = PBXBuildFile; fileRef = 26E9A5432546D65100BA667A /* LaunchScreen.storyboard */; };
		26E9A5552546D91800BA667A /* ItemDB.swift in Sources */ = {isa = PBXBuildFile; fileRef = 26E9A5542546D91800BA667A /* ItemDB.swift */; };
		26E9A55A2546D9BF00BA667A /* Item.swift in Sources */ = {isa = PBXBuildFile; fileRef = 26E9A5592546D9BF00BA667A /* Item.swift */; };
		26E9A55E2546DC5200BA667A /* ItemForm.swift in Sources */ = {isa = PBXBuildFile; fileRef = 26E9A55D2546DC5200BA667A /* ItemForm.swift */; };
		26E9A5642546E12A00BA667A /* ItemStore.swift in Sources */ = {isa = PBXBuildFile; fileRef = 26E9A5632546E12A00BA667A /* ItemStore.swift */; };
		26E9A5682546EDB100BA667A /* ItemMock.swift in Sources */ = {isa = PBXBuildFile; fileRef = 26E9A5672546EDB100BA667A /* ItemMock.swift */; };
		26E9A56B2546F0A600BA667A /* ItemListView.swift in Sources */ = {isa = PBXBuildFile; fileRef = 26E9A56A2546F0A600BA667A /* ItemListView.swift */; };
		8264A7424B5936AED5FECFC0 /* Pods_SwiftUI_Realm_1To1.framework in Frameworks */ = {isa = PBXBuildFile; fileRef = AB38D0F3F5EC9DB5A9B5E7AA /* Pods_SwiftUI_Realm_1To1.framework */; };
/* End PBXBuildFile section */

/* Begin PBXFileReference section */
		260C9B46254971BF001617B8 /* ItemRowView.swift */ = {isa = PBXFileReference; lastKnownFileType = sourcecode.swift; path = ItemRowView.swift; sourceTree = "<group>"; };
		26E9A5352546D64D00BA667A /* SwiftUI_Realm_1To1.app */ = {isa = PBXFileReference; explicitFileType = wrapper.application; includeInIndex = 0; path = SwiftUI_Realm_1To1.app; sourceTree = BUILT_PRODUCTS_DIR; };
		26E9A5382546D64D00BA667A /* AppDelegate.swift */ = {isa = PBXFileReference; lastKnownFileType = sourcecode.swift; path = AppDelegate.swift; sourceTree = "<group>"; };
		26E9A53A2546D64D00BA667A /* SceneDelegate.swift */ = {isa = PBXFileReference; lastKnownFileType = sourcecode.swift; path = SceneDelegate.swift; sourceTree = "<group>"; };
		26E9A53C2546D64D00BA667A /* ContentView.swift */ = {isa = PBXFileReference; lastKnownFileType = sourcecode.swift; path = ContentView.swift; sourceTree = "<group>"; };
		26E9A53E2546D65000BA667A /* Assets.xcassets */ = {isa = PBXFileReference; lastKnownFileType = folder.assetcatalog; path = Assets.xcassets; sourceTree = "<group>"; };
		26E9A5412546D65100BA667A /* Preview Assets.xcassets */ = {isa = PBXFileReference; lastKnownFileType = folder.assetcatalog; path = "Preview Assets.xcassets"; sourceTree = "<group>"; };
		26E9A5442546D65100BA667A /* Base */ = {isa = PBXFileReference; lastKnownFileType = file.storyboard; name = Base; path = Base.lproj/LaunchScreen.storyboard; sourceTree = "<group>"; };
		26E9A5462546D65100BA667A /* Info.plist */ = {isa = PBXFileReference; lastKnownFileType = text.plist.xml; path = Info.plist; sourceTree = "<group>"; };
		26E9A5542546D91800BA667A /* ItemDB.swift */ = {isa = PBXFileReference; lastKnownFileType = sourcecode.swift; path = ItemDB.swift; sourceTree = "<group>"; };
		26E9A5592546D9BF00BA667A /* Item.swift */ = {isa = PBXFileReference; lastKnownFileType = sourcecode.swift; path = Item.swift; sourceTree = "<group>"; };
		26E9A55D2546DC5200BA667A /* ItemForm.swift */ = {isa = PBXFileReference; lastKnownFileType = sourcecode.swift; path = ItemForm.swift; sourceTree = "<group>"; };
		26E9A5632546E12A00BA667A /* ItemStore.swift */ = {isa = PBXFileReference; lastKnownFileType = sourcecode.swift; path = ItemStore.swift; sourceTree = "<group>"; };
		26E9A5672546EDB100BA667A /* ItemMock.swift */ = {isa = PBXFileReference; lastKnownFileType = sourcecode.swift; path = ItemMock.swift; sourceTree = "<group>"; };
		26E9A56A2546F0A600BA667A /* ItemListView.swift */ = {isa = PBXFileReference; lastKnownFileType = sourcecode.swift; path = ItemListView.swift; sourceTree = "<group>"; };
		45984AA9EFE39FC07AB766B8 /* Pods-SwiftUI_Realm_1To1.debug.xcconfig */ = {isa = PBXFileReference; includeInIndex = 1; lastKnownFileType = text.xcconfig; name = "Pods-SwiftUI_Realm_1To1.debug.xcconfig"; path = "Target Support Files/Pods-SwiftUI_Realm_1To1/Pods-SwiftUI_Realm_1To1.debug.xcconfig"; sourceTree = "<group>"; };
		83D448A528334AC6236BB8C4 /* Pods-SwiftUI_Realm_1To1.release.xcconfig */ = {isa = PBXFileReference; includeInIndex = 1; lastKnownFileType = text.xcconfig; name = "Pods-SwiftUI_Realm_1To1.release.xcconfig"; path = "Target Support Files/Pods-SwiftUI_Realm_1To1/Pods-SwiftUI_Realm_1To1.release.xcconfig"; sourceTree = "<group>"; };
		AB38D0F3F5EC9DB5A9B5E7AA /* Pods_SwiftUI_Realm_1To1.framework */ = {isa = PBXFileReference; explicitFileType = wrapper.framework; includeInIndex = 0; path = Pods_SwiftUI_Realm_1To1.framework; sourceTree = BUILT_PRODUCTS_DIR; };
/* End PBXFileReference section */

/* Begin PBXFrameworksBuildPhase section */
		26E9A5322546D64D00BA667A /* Frameworks */ = {
			isa = PBXFrameworksBuildPhase;
			buildActionMask = 2147483647;
			files = (
				8264A7424B5936AED5FECFC0 /* Pods_SwiftUI_Realm_1To1.framework in Frameworks */,
			);
			runOnlyForDeploymentPostprocessing = 0;
		};
/* End PBXFrameworksBuildPhase section */

/* Begin PBXGroup section */
		26E9A52C2546D64D00BA667A = {
			isa = PBXGroup;
			children = (
				26E9A5372546D64D00BA667A /* SwiftUI_Realm_1To1 */,
				26E9A5362546D64D00BA667A /* Products */,
				485D7C80D0E67B09DDEDE94B /* Pods */,
				F9C50AF271C17CE04466F1BA /* Frameworks */,
			);
			sourceTree = "<group>";
		};
		26E9A5362546D64D00BA667A /* Products */ = {
			isa = PBXGroup;
			children = (
				26E9A5352546D64D00BA667A /* SwiftUI_Realm_1To1.app */,
			);
			name = Products;
			sourceTree = "<group>";
		};
		26E9A5372546D64D00BA667A /* SwiftUI_Realm_1To1 */ = {
			isa = PBXGroup;
			children = (
				26E9A5382546D64D00BA667A /* AppDelegate.swift */,
				26E9A53A2546D64D00BA667A /* SceneDelegate.swift */,
				26E9A5572546D97300BA667A /* Models */,
				26E9A5602546DDFF00BA667A /* Views */,
				26E9A5622546E11100BA667A /* ViewModels */,
				26E9A53E2546D65000BA667A /* Assets.xcassets */,
				26E9A5432546D65100BA667A /* LaunchScreen.storyboard */,
				26E9A5462546D65100BA667A /* Info.plist */,
				26E9A5402546D65100BA667A /* Preview Content */,
			);
			path = SwiftUI_Realm_1To1;
			sourceTree = "<group>";
		};
		26E9A5402546D65100BA667A /* Preview Content */ = {
			isa = PBXGroup;
			children = (
				26E9A5412546D65100BA667A /* Preview Assets.xcassets */,
			);
			path = "Preview Content";
			sourceTree = "<group>";
		};
		26E9A5572546D97300BA667A /* Models */ = {
			isa = PBXGroup;
			children = (
				26E9A5592546D9BF00BA667A /* Item.swift */,
				26E9A55D2546DC5200BA667A /* ItemForm.swift */,
				26E9A5672546EDB100BA667A /* ItemMock.swift */,
				26E9A5542546D91800BA667A /* ItemDB.swift */,
			);
			path = Models;
			sourceTree = "<group>";
		};
		26E9A5602546DDFF00BA667A /* Views */ = {
			isa = PBXGroup;
			children = (
				26E9A53C2546D64D00BA667A /* ContentView.swift */,
				26E9A56A2546F0A600BA667A /* ItemListView.swift */,
				260C9B46254971BF001617B8 /* ItemRowView.swift */,
			);
			path = Views;
			sourceTree = "<group>";
		};
		26E9A5622546E11100BA667A /* ViewModels */ = {
			isa = PBXGroup;
			children = (
				26E9A5632546E12A00BA667A /* ItemStore.swift */,
			);
			path = ViewModels;
			sourceTree = "<group>";
		};
		485D7C80D0E67B09DDEDE94B /* Pods */ = {
			isa = PBXGroup;
			children = (
				45984AA9EFE39FC07AB766B8 /* Pods-SwiftUI_Realm_1To1.debug.xcconfig */,
				83D448A528334AC6236BB8C4 /* Pods-SwiftUI_Realm_1To1.release.xcconfig */,
			);
			path = Pods;
			sourceTree = "<group>";
		};
		F9C50AF271C17CE04466F1BA /* Frameworks */ = {
			isa = PBXGroup;
			children = (
				AB38D0F3F5EC9DB5A9B5E7AA /* Pods_SwiftUI_Realm_1To1.framework */,
			);
			name = Frameworks;
			sourceTree = "<group>";
		};
/* End PBXGroup section */

/* Begin PBXNativeTarget section */
		26E9A5342546D64D00BA667A /* SwiftUI_Realm_1To1 */ = {
			isa = PBXNativeTarget;
			buildConfigurationList = 26E9A5492546D65100BA667A /* Build configuration list for PBXNativeTarget "SwiftUI_Realm_1To1" */;
			buildPhases = (
				B02A6BA06985184843F4DC20 /* [CP] Check Pods Manifest.lock */,
				26E9A5312546D64D00BA667A /* Sources */,
				26E9A5322546D64D00BA667A /* Frameworks */,
				26E9A5332546D64D00BA667A /* Resources */,
				955B44B367FC75DD1A5BC51A /* [CP] Embed Pods Frameworks */,
			);
			buildRules = (
			);
			dependencies = (
			);
			name = SwiftUI_Realm_1To1;
			productName = SwiftUI_Realm_1To1;
			productReference = 26E9A5352546D64D00BA667A /* SwiftUI_Realm_1To1.app */;
			productType = "com.apple.product-type.application";
		};
/* End PBXNativeTarget section */

/* Begin PBXProject section */
		26E9A52D2546D64D00BA667A /* Project object */ = {
			isa = PBXProject;
			attributes = {
				LastSwiftUpdateCheck = 1200;
				LastUpgradeCheck = 1200;
				TargetAttributes = {
					26E9A5342546D64D00BA667A = {
						CreatedOnToolsVersion = 12.0.1;
					};
				};
			};
			buildConfigurationList = 26E9A5302546D64D00BA667A /* Build configuration list for PBXProject "SwiftUI_Realm_1To1" */;
			compatibilityVersion = "Xcode 9.3";
			developmentRegion = en;
			hasScannedForEncodings = 0;
			knownRegions = (
				en,
				Base,
			);
			mainGroup = 26E9A52C2546D64D00BA667A;
			productRefGroup = 26E9A5362546D64D00BA667A /* Products */;
			projectDirPath = "";
			projectRoot = "";
			targets = (
				26E9A5342546D64D00BA667A /* SwiftUI_Realm_1To1 */,
			);
		};
/* End PBXProject section */

/* Begin PBXResourcesBuildPhase section */
		26E9A5332546D64D00BA667A /* Resources */ = {
			isa = PBXResourcesBuildPhase;
			buildActionMask = 2147483647;
			files = (
				26E9A5452546D65100BA667A /* LaunchScreen.storyboard in Resources */,
				26E9A5422546D65100BA667A /* Preview Assets.xcassets in Resources */,
				26E9A53F2546D65000BA667A /* Assets.xcassets in Resources */,
			);
			runOnlyForDeploymentPostprocessing = 0;
		};
/* End PBXResourcesBuildPhase section */

/* Begin PBXShellScriptBuildPhase section */
		955B44B367FC75DD1A5BC51A /* [CP] Embed Pods Frameworks */ = {
			isa = PBXShellScriptBuildPhase;
			buildActionMask = 2147483647;
			files = (
			);
			inputFileListPaths = (
				"${PODS_ROOT}/Target Support Files/Pods-SwiftUI_Realm_1To1/Pods-SwiftUI_Realm_1To1-frameworks-${CONFIGURATION}-input-files.xcfilelist",
			);
			name = "[CP] Embed Pods Frameworks";
			outputFileListPaths = (
				"${PODS_ROOT}/Target Support Files/Pods-SwiftUI_Realm_1To1/Pods-SwiftUI_Realm_1To1-frameworks-${CONFIGURATION}-output-files.xcfilelist",
			);
			runOnlyForDeploymentPostprocessing = 0;
			shellPath = /bin/sh;
			shellScript = "\"${PODS_ROOT}/Target Support Files/Pods-SwiftUI_Realm_1To1/Pods-SwiftUI_Realm_1To1-frameworks.sh\"\n";
			showEnvVarsInLog = 0;
		};
		B02A6BA06985184843F4DC20 /* [CP] Check Pods Manifest.lock */ = {
			isa = PBXShellScriptBuildPhase;
			buildActionMask = 2147483647;
			files = (
			);
			inputFileListPaths = (
			);
			inputPaths = (
				"${PODS_PODFILE_DIR_PATH}/Podfile.lock",
				"${PODS_ROOT}/Manifest.lock",
			);
			name = "[CP] Check Pods Manifest.lock";
			outputFileListPaths = (
			);
			outputPaths = (
				"$(DERIVED_FILE_DIR)/Pods-SwiftUI_Realm_1To1-checkManifestLockResult.txt",
			);
			runOnlyForDeploymentPostprocessing = 0;
			shellPath = /bin/sh;
			shellScript = "diff \"${PODS_PODFILE_DIR_PATH}/Podfile.lock\" \"${PODS_ROOT}/Manifest.lock\" > /dev/null\nif [ $? != 0 ] ; then\n    # print error to STDERR\n    echo \"error: The sandbox is not in sync with the Podfile.lock. Run 'pod install' or update your CocoaPods installation.\" >&2\n    exit 1\nfi\n# This output is used by Xcode 'outputs' to avoid re-running this script phase.\necho \"SUCCESS\" > \"${SCRIPT_OUTPUT_FILE_0}\"\n";
			showEnvVarsInLog = 0;
		};
/* End PBXShellScriptBuildPhase section */

/* Begin PBXSourcesBuildPhase section */
		26E9A5312546D64D00BA667A /* Sources */ = {
			isa = PBXSourcesBuildPhase;
			buildActionMask = 2147483647;
			files = (
				26E9A55E2546DC5200BA667A /* ItemForm.swift in Sources */,
				26E9A55A2546D9BF00BA667A /* Item.swift in Sources */,
				26E9A5682546EDB100BA667A /* ItemMock.swift in Sources */,
				26E9A5552546D91800BA667A /* ItemDB.swift in Sources */,
				260C9B47254971BF001617B8 /* ItemRowView.swift in Sources */,
				26E9A56B2546F0A600BA667A /* ItemListView.swift in Sources */,
				26E9A5392546D64D00BA667A /* AppDelegate.swift in Sources */,
				26E9A53B2546D64D00BA667A /* SceneDelegate.swift in Sources */,
				26E9A5642546E12A00BA667A /* ItemStore.swift in Sources */,
				26E9A53D2546D64D00BA667A /* ContentView.swift in Sources */,
			);
			runOnlyForDeploymentPostprocessing = 0;
		};
/* End PBXSourcesBuildPhase section */

/* Begin PBXVariantGroup section */
		26E9A5432546D65100BA667A /* LaunchScreen.storyboard */ = {
			isa = PBXVariantGroup;
			children = (
				26E9A5442546D65100BA667A /* Base */,
			);
			name = LaunchScreen.storyboard;
			sourceTree = "<group>";
		};
/* End PBXVariantGroup section */

/* Begin XCBuildConfiguration section */
		26E9A5472546D65100BA667A /* Debug */ = {
			isa = XCBuildConfiguration;
			buildSettings = {
				ALWAYS_SEARCH_USER_PATHS = NO;
				CLANG_ANALYZER_NONNULL = YES;
				CLANG_ANALYZER_NUMBER_OBJECT_CONVERSION = YES_AGGRESSIVE;
				CLANG_CXX_LANGUAGE_STANDARD = "gnu++14";
				CLANG_CXX_LIBRARY = "libc++";
				CLANG_ENABLE_MODULES = YES;
				CLANG_ENABLE_OBJC_ARC = YES;
				CLANG_ENABLE_OBJC_WEAK = YES;
				CLANG_WARN_BLOCK_CAPTURE_AUTORELEASING = YES;
				CLANG_WARN_BOOL_CONVERSION = YES;
				CLANG_WARN_COMMA = YES;
				CLANG_WARN_CONSTANT_CONVERSION = YES;
				CLANG_WARN_DEPRECATED_OBJC_IMPLEMENTATIONS = YES;
				CLANG_WARN_DIRECT_OBJC_ISA_USAGE = YES_ERROR;
				CLANG_WARN_DOCUMENTATION_COMMENTS = YES;
				CLANG_WARN_EMPTY_BODY = YES;
				CLANG_WARN_ENUM_CONVERSION = YES;
				CLANG_WARN_INFINITE_RECURSION = YES;
				CLANG_WARN_INT_CONVERSION = YES;
				CLANG_WARN_NON_LITERAL_NULL_CONVERSION = YES;
				CLANG_WARN_OBJC_IMPLICIT_RETAIN_SELF = YES;
				CLANG_WARN_OBJC_LITERAL_CONVERSION = YES;
				CLANG_WARN_OBJC_ROOT_CLASS = YES_ERROR;
				CLANG_WARN_QUOTED_INCLUDE_IN_FRAMEWORK_HEADER = YES;
				CLANG_WARN_RANGE_LOOP_ANALYSIS = YES;
				CLANG_WARN_STRICT_PROTOTYPES = YES;
				CLANG_WARN_SUSPICIOUS_MOVE = YES;
				CLANG_WARN_UNGUARDED_AVAILABILITY = YES_AGGRESSIVE;
				CLANG_WARN_UNREACHABLE_CODE = YES;
				CLANG_WARN__DUPLICATE_METHOD_MATCH = YES;
				COPY_PHASE_STRIP = NO;
				DEBUG_INFORMATION_FORMAT = dwarf;
				ENABLE_STRICT_OBJC_MSGSEND = YES;
				ENABLE_TESTABILITY = YES;
				GCC_C_LANGUAGE_STANDARD = gnu11;
				GCC_DYNAMIC_NO_PIC = NO;
				GCC_NO_COMMON_BLOCKS = YES;
				GCC_OPTIMIZATION_LEVEL = 0;
				GCC_PREPROCESSOR_DEFINITIONS = (
					"DEBUG=1",
					"$(inherited)",
				);
				GCC_WARN_64_TO_32_BIT_CONVERSION = YES;
				GCC_WARN_ABOUT_RETURN_TYPE = YES_ERROR;
				GCC_WARN_UNDECLARED_SELECTOR = YES;
				GCC_WARN_UNINITIALIZED_AUTOS = YES_AGGRESSIVE;
				GCC_WARN_UNUSED_FUNCTION = YES;
				GCC_WARN_UNUSED_VARIABLE = YES;
				IPHONEOS_DEPLOYMENT_TARGET = 14.0;
				MTL_ENABLE_DEBUG_INFO = INCLUDE_SOURCE;
				MTL_FAST_MATH = YES;
				ONLY_ACTIVE_ARCH = YES;
				SDKROOT = iphoneos;
				SWIFT_ACTIVE_COMPILATION_CONDITIONS = DEBUG;
				SWIFT_OPTIMIZATION_LEVEL = "-Onone";
			};
			name = Debug;
		};
		26E9A5482546D65100BA667A /* Release */ = {
			isa = XCBuildConfiguration;
			buildSettings = {
				ALWAYS_SEARCH_USER_PATHS = NO;
				CLANG_ANALYZER_NONNULL = YES;
				CLANG_ANALYZER_NUMBER_OBJECT_CONVERSION = YES_AGGRESSIVE;
				CLANG_CXX_LANGUAGE_STANDARD = "gnu++14";
				CLANG_CXX_LIBRARY = "libc++";
				CLANG_ENABLE_MODULES = YES;
				CLANG_ENABLE_OBJC_ARC = YES;
				CLANG_ENABLE_OBJC_WEAK = YES;
				CLANG_WARN_BLOCK_CAPTURE_AUTORELEASING = YES;
				CLANG_WARN_BOOL_CONVERSION = YES;
				CLANG_WARN_COMMA = YES;
				CLANG_WARN_CONSTANT_CONVERSION = YES;
				CLANG_WARN_DEPRECATED_OBJC_IMPLEMENTATIONS = YES;
				CLANG_WARN_DIRECT_OBJC_ISA_USAGE = YES_ERROR;
				CLANG_WARN_DOCUMENTATION_COMMENTS = YES;
				CLANG_WARN_EMPTY_BODY = YES;
				CLANG_WARN_ENUM_CONVERSION = YES;
				CLANG_WARN_INFINITE_RECURSION = YES;
				CLANG_WARN_INT_CONVERSION = YES;
				CLANG_WARN_NON_LITERAL_NULL_CONVERSION = YES;
				CLANG_WARN_OBJC_IMPLICIT_RETAIN_SELF = YES;
				CLANG_WARN_OBJC_LITERAL_CONVERSION = YES;
				CLANG_WARN_OBJC_ROOT_CLASS = YES_ERROR;
				CLANG_WARN_QUOTED_INCLUDE_IN_FRAMEWORK_HEADER = YES;
				CLANG_WARN_RANGE_LOOP_ANALYSIS = YES;
				CLANG_WARN_STRICT_PROTOTYPES = YES;
				CLANG_WARN_SUSPICIOUS_MOVE = YES;
				CLANG_WARN_UNGUARDED_AVAILABILITY = YES_AGGRESSIVE;
				CLANG_WARN_UNREACHABLE_CODE = YES;
				CLANG_WARN__DUPLICATE_METHOD_MATCH = YES;
				COPY_PHASE_STRIP = NO;
				DEBUG_INFORMATION_FORMAT = "dwarf-with-dsym";
				ENABLE_NS_ASSERTIONS = NO;
				ENABLE_STRICT_OBJC_MSGSEND = YES;
				GCC_C_LANGUAGE_STANDARD = gnu11;
				GCC_NO_COMMON_BLOCKS = YES;
				GCC_WARN_64_TO_32_BIT_CONVERSION = YES;
				GCC_WARN_ABOUT_RETURN_TYPE = YES_ERROR;
				GCC_WARN_UNDECLARED_SELECTOR = YES;
				GCC_WARN_UNINITIALIZED_AUTOS = YES_AGGRESSIVE;
				GCC_WARN_UNUSED_FUNCTION = YES;
				GCC_WARN_UNUSED_VARIABLE = YES;
				IPHONEOS_DEPLOYMENT_TARGET = 14.0;
				MTL_ENABLE_DEBUG_INFO = NO;
				MTL_FAST_MATH = YES;
				SDKROOT = iphoneos;
				SWIFT_COMPILATION_MODE = wholemodule;
				SWIFT_OPTIMIZATION_LEVEL = "-O";
				VALIDATE_PRODUCT = YES;
			};
			name = Release;
		};
		26E9A54A2546D65100BA667A /* Debug */ = {
			isa = XCBuildConfiguration;
			baseConfigurationReference = 45984AA9EFE39FC07AB766B8 /* Pods-SwiftUI_Realm_1To1.debug.xcconfig */;
			buildSettings = {
				ASSETCATALOG_COMPILER_APPICON_NAME = AppIcon;
				ASSETCATALOG_COMPILER_GLOBAL_ACCENT_COLOR_NAME = AccentColor;
				CODE_SIGN_STYLE = Automatic;
				DEVELOPMENT_ASSET_PATHS = "\"SwiftUI_Realm_1To1/Preview Content\"";
				DEVELOPMENT_TEAM = PW2H35G2ZM;
				ENABLE_PREVIEWS = YES;
				INFOPLIST_FILE = SwiftUI_Realm_1To1/Info.plist;
				LD_RUNPATH_SEARCH_PATHS = (
					"$(inherited)",
					"@executable_path/Frameworks",
				);
				PRODUCT_BUNDLE_IDENTIFIER = "com.syuu0227.SwiftUI-Realm-1To1";
				PRODUCT_NAME = "$(TARGET_NAME)";
				SWIFT_VERSION = 5.0;
				TARGETED_DEVICE_FAMILY = "1,2";
			};
			name = Debug;
		};
		26E9A54B2546D65100BA667A /* Release */ = {
			isa = XCBuildConfiguration;
			baseConfigurationReference = 83D448A528334AC6236BB8C4 /* Pods-SwiftUI_Realm_1To1.release.xcconfig */;
			buildSettings = {
				ASSETCATALOG_COMPILER_APPICON_NAME = AppIcon;
				ASSETCATALOG_COMPILER_GLOBAL_ACCENT_COLOR_NAME = AccentColor;
				CODE_SIGN_STYLE = Automatic;
				DEVELOPMENT_ASSET_PATHS = "\"SwiftUI_Realm_1To1/Preview Content\"";
				DEVELOPMENT_TEAM = PW2H35G2ZM;
				ENABLE_PREVIEWS = YES;
				INFOPLIST_FILE = SwiftUI_Realm_1To1/Info.plist;
				LD_RUNPATH_SEARCH_PATHS = (
					"$(inherited)",
					"@executable_path/Frameworks",
				);
				PRODUCT_BUNDLE_IDENTIFIER = "com.syuu0227.SwiftUI-Realm-1To1";
				PRODUCT_NAME = "$(TARGET_NAME)";
				SWIFT_VERSION = 5.0;
				TARGETED_DEVICE_FAMILY = "1,2";
			};
			name = Release;
		};
/* End XCBuildConfiguration section */

/* Begin XCConfigurationList section */
		26E9A5302546D64D00BA667A /* Build configuration list for PBXProject "SwiftUI_Realm_1To1" */ = {
			isa = XCConfigurationList;
			buildConfigurations = (
				26E9A5472546D65100BA667A /* Debug */,
				26E9A5482546D65100BA667A /* Release */,
			);
			defaultConfigurationIsVisible = 0;
			defaultConfigurationName = Release;
		};
		26E9A5492546D65100BA667A /* Build configuration list for PBXNativeTarget "SwiftUI_Realm_1To1" */ = {
			isa = XCConfigurationList;
			buildConfigurations = (
				26E9A54A2546D65100BA667A /* Debug */,
				26E9A54B2546D65100BA667A /* Release */,
			);
			defaultConfigurationIsVisible = 0;
			defaultConfigurationName = Release;
		};
/* End XCConfigurationList section */
	};
	rootObject = 26E9A52D2546D64D00BA667A /* Project object */;
}
